# THIS IS AN AUTOGENERATED FILE. DO NOT EDIT THIS FILE DIRECTLY.
# yarn lockfile v1


kebab-case@^2.0.1:
  version "2.0.1"
  resolved "https://registry.yarnpkg.com/kebab-case/-/kebab-case-2.0.1.tgz#3c981060455673403a60ebd580ebce06bef62097"
  integrity sha512-vwwEnpFH5hwkoK2pGnPmGUoRjpE1NRjvdWY6BLlqucF7zPBPwKNxv5bPbW3/Cq1S+nmnL4kLcArGYdKDD3w2Xw==
